
Microsoft Visual Studio Solution File, Format Version 12.00
# Visual Studio Version 16
VisualStudioVersion = 16.0.31005.135
MinimumVisualStudioVersion = 10.0.40219.1
Project("{FAE04EC0-301F-11D3-BF4B-00C04F79EFBC}") = "ConsoleApp1", "ConsoleApp1.csproj", "{3D214154-E8F7-46C0-B36A-BDD6439852BC}"
EndProject
Global
	GlobalSection(SolutionConfigurationPlatforms) = preSolution
		Debug|Any CPU = Debug|Any CPU
		Release|Any CPU = Release|Any CPU
	EndGlobalSection
	GlobalSection(ProjectConfigurationPlatforms) = postSolution
		{3D214154-E8F7-46C0-B36A-BDD6439852BC}.Debug|Any CPU.ActiveCfg = Debug|Any CPU
		{3D214154-E8F7-46C0-B36A-BDD6439852BC}.Debug|Any CPU.Build.0 = Debug|Any CPU
		{3D214154-E8F7-46C0-B36A-BDD6439852BC}.Release|Any CPU.ActiveCfg = Release|Any CPU
		{3D214154-E8F7-46C0-B36A-BDD6439852BC}.Release|Any CPU.Build.0 = Release|Any CPU
	EndGlobalSection
	GlobalSection(SolutionProperties) = preSolution
		HideSolutionNode = FALSE
	EndGlobalSection
	GlobalSection(ExtensibilityGlobals) = postSolution
		SolutionGuid = {121E7707-2D92-4442-8DB7-F0AFB9CEDD95}
	EndGlobalSection
EndGlobal
